
Microsoft Visual Studio Solution File, Format Version 12.00
# Visual Studio Version 17
VisualStudioVersion = 17.3.32929.385
MinimumVisualStudioVersion = 10.0.40219.1
Project("{FAE04EC0-301F-11D3-BF4B-00C04F79EFBC}") = "HelloApp", "HelloApp\HelloApp.csproj", "{12967D19-7778-4745-A904-503F7CDE4623}"
EndProject
Global
	GlobalSection(SolutionConfigurationPlatforms) = preSolution
		Debug|Any CPU = Debug|Any CPU
		Release|Any CPU = Release|Any CPU
	EndGlobalSection
	GlobalSection(ProjectConfigurationPlatforms) = postSolution
		{12967D19-7778-4745-A904-503F7CDE4623}.Debug|Any CPU.ActiveCfg = Debug|Any CPU
		{12967D19-7778-4745-A904-503F7CDE4623}.Debug|Any CPU.Build.0 = Debug|Any CPU
		{12967D19-7778-4745-A904-503F7CDE4623}.Release|Any CPU.ActiveCfg = Release|Any CPU
		{12967D19-7778-4745-A904-503F7CDE4623}.Release|Any CPU.Build.0 = Release|Any CPU
	EndGlobalSection
	GlobalSection(SolutionProperties) = preSolution
		HideSolutionNode = FALSE
	EndGlobalSection
	GlobalSection(ExtensibilityGlobals) = postSolution
		SolutionGuid = {50B7EE71-FFC2-4116-96A2-E097B707A5B9}
	EndGlobalSection
EndGlobal
